
Microsoft Visual Studio Solution File, Format Version 12.00
# Visual Studio Version 17
VisualStudioVersion = 17.12.35506.116 d17.12
MinimumVisualStudioVersion = 10.0.40219.1
Project("{8BC9CEB8-8B4A-11D0-8D11-00A0C91BC942}") = "matmodel", "matmodel.vcxproj", "{ECDBC279-E881-4ED8-9482-36C4DA4D4511}"
EndProject
Global
	GlobalSection(SolutionConfigurationPlatforms) = preSolution
		Debug|x64 = Debug|x64
		Debug|x86 = Debug|x86
		Release|x64 = Release|x64
		Release|x86 = Release|x86
	EndGlobalSection
	GlobalSection(ProjectConfigurationPlatforms) = postSolution
		{ECDBC279-E881-4ED8-9482-36C4DA4D4511}.Debug|x64.ActiveCfg = Debug|x64
		{ECDBC279-E881-4ED8-9482-36C4DA4D4511}.Debug|x64.Build.0 = Debug|x64
		{ECDBC279-E881-4ED8-9482-36C4DA4D4511}.Debug|x86.ActiveCfg = Debug|Win32
		{ECDBC279-E881-4ED8-9482-36C4DA4D4511}.Debug|x86.Build.0 = Debug|Win32
		{ECDBC279-E881-4ED8-9482-36C4DA4D4511}.Release|x64.ActiveCfg = Release|x64
		{ECDBC279-E881-4ED8-9482-36C4DA4D4511}.Release|x64.Build.0 = Release|x64
		{ECDBC279-E881-4ED8-9482-36C4DA4D4511}.Release|x86.ActiveCfg = Release|Win32
		{ECDBC279-E881-4ED8-9482-36C4DA4D4511}.Release|x86.Build.0 = Release|Win32
	EndGlobalSection
	GlobalSection(SolutionProperties) = preSolution
		HideSolutionNode = FALSE
	EndGlobalSection
EndGlobal
